
Microsoft Visual Studio Solution File, Format Version 12.00
# Visual Studio 15
VisualStudioVersion = 15.0.27130.2010
MinimumVisualStudioVersion = 10.0.40219.1
Project("{FAE04EC0-301F-11D3-BF4B-00C04F79EFBC}") = "Hello World", "Hello World\Hello World.csproj", "{0A193D95-41F3-4125-A12E-5D82DB769729}"
EndProject
Global
	GlobalSection(SolutionConfigurationPlatforms) = preSolution
		Debug|Any CPU = Debug|Any CPU
		Release|Any CPU = Release|Any CPU
	EndGlobalSection
	GlobalSection(ProjectConfigurationPlatforms) = postSolution
		{0A193D95-41F3-4125-A12E-5D82DB769729}.Debug|Any CPU.ActiveCfg = Debug|Any CPU
		{0A193D95-41F3-4125-A12E-5D82DB769729}.Debug|Any CPU.Build.0 = Debug|Any CPU
		{0A193D95-41F3-4125-A12E-5D82DB769729}.Release|Any CPU.ActiveCfg = Release|Any CPU
		{0A193D95-41F3-4125-A12E-5D82DB769729}.Release|Any CPU.Build.0 = Release|Any CPU
	EndGlobalSection
	GlobalSection(SolutionProperties) = preSolution
		HideSolutionNode = FALSE
	EndGlobalSection
	GlobalSection(ExtensibilityGlobals) = postSolution
		SolutionGuid = {8451DC02-118A-4A36-AFC4-2E33E28D828C}
	EndGlobalSection
EndGlobal
